
Microsoft Visual Studio Solution File, Format Version 12.00
# Visual Studio Version 17
VisualStudioVersion = 17.6.33815.320
MinimumVisualStudioVersion = 10.0.40219.1
Project("{FAE04EC0-301F-11D3-BF4B-00C04F79EFBC}") = "TestAssessment", "TestAssessment\TestAssessment.csproj", "{979311F7-343B-4947-8606-DF5C2BEACBA1}"
EndProject
Global
	GlobalSection(SolutionConfigurationPlatforms) = preSolution
		Debug|Any CPU = Debug|Any CPU
		Release|Any CPU = Release|Any CPU
	EndGlobalSection
	GlobalSection(ProjectConfigurationPlatforms) = postSolution
		{979311F7-343B-4947-8606-DF5C2BEACBA1}.Debug|Any CPU.ActiveCfg = Debug|Any CPU
		{979311F7-343B-4947-8606-DF5C2BEACBA1}.Debug|Any CPU.Build.0 = Debug|Any CPU
		{979311F7-343B-4947-8606-DF5C2BEACBA1}.Release|Any CPU.ActiveCfg = Release|Any CPU
		{979311F7-343B-4947-8606-DF5C2BEACBA1}.Release|Any CPU.Build.0 = Release|Any CPU
	EndGlobalSection
	GlobalSection(SolutionProperties) = preSolution
		HideSolutionNode = FALSE
	EndGlobalSection
	GlobalSection(ExtensibilityGlobals) = postSolution
		SolutionGuid = {EDEE1A96-DED6-4B6F-88EF-7F2E2A0256D6}
	EndGlobalSection
EndGlobal
